<?xml version="1.0" encoding="utf-8"?>
<Project ToolsVersion="4.0" xmlns="http://schemas.microsoft.com/developer/msbuild/2003">
  <ItemGroup>
    <Filter Include="源文件">
      <UniqueIdentifier>{4FC737F1-C7A5-4376-A066-2A32D752A2FF}</UniqueIdentifier>
      <Extensions>cpp;c;cc;cxx;def;odl;idl;hpj;bat;asm;asmx</Extensions>
    </Filter>
    <Filter Include="头文件">
      <UniqueIdentifier>{93995380-89BD-4b04-88EB-625FBE52EBFB}</UniqueIdentifier>
      <Extensions>h;hh;hpp;hxx;hm;inl;inc;xsd</Extensions>
    </Filter>
    <Filter Include="资源文件">
      <UniqueIdentifier>{67DA6AB6-F800-4c08-8B7A-83BB121AAD01}</UniqueIdentifier>
      <Extensions>rc;ico;cur;bmp;dlg;rc2;rct;bin;rgs;gif;jpg;jpeg;jpe;resx;tiff;tif;png;wav;mfcribbon-ms</Extensions>
    </Filter>
  </ItemGroup>
  <ItemGroup>
    <Text Include="ReadMe.txt" />
  </ItemGroup>
  <ItemGroup>
    <ClInclude Include="stdafx.h">
      <Filter>头文件</Filter>
    </ClInclude>
    <ClInclude Include="targetver.h">
      <Filter>头文件</Filter>
    </ClInclude>
    <ClInclude Include="..\..\zrtp\crypto\aesCFB.h">
      <Filter>头文件</Filter>
    </ClInclude>
    <ClInclude Include="..\..\zrtp\crypto\hmac256.h">
      <Filter>头文件</Filter>
    </ClInclude>
    <ClInclude Include="..\..\zrtp\crypto\hmac384.h">
      <Filter>头文件</Filter>
    </ClInclude>
    <ClInclude Include="..\..\zrtp\crypto\sha2.h">
      <Filter>头文件</Filter>
    </ClInclude>
    <ClInclude Include="..\..\zrtp\crypto\sha256.h">
      <Filter>头文件</Filter>
    </ClInclude>
    <ClInclude Include="..\..\zrtp\crypto\sha384.h">
      <Filter>头文件</Filter>
    </ClInclude>
    <ClInclude Include="..\..\zrtp\crypto\twoCFB.h">
      <Filter>头文件</Filter>
    </ClInclude>
    <ClInclude Include="..\..\zrtp\crypto\zrtpDH.h">
      <Filter>头文件</Filter>
    </ClInclude>
    <ClInclude Include="..\..\zrtp\libzrtpcpp\Base32.h">
      <Filter>头文件</Filter>
    </ClInclude>
    <ClInclude Include="..\..\zrtp\libzrtpcpp\ZIDCache.h">
      <Filter>头文件</Filter>
    </ClInclude>
    <ClInclude Include="..\..\zrtp\libzrtpcpp\ZIDCacheDb.h">
      <Filter>头文件</Filter>
    </ClInclude>
    <ClInclude Include="..\..\zrtp\libzrtpcpp\ZIDCacheFile.h">
      <Filter>头文件</Filter>
    </ClInclude>
    <ClInclude Include="..\..\zrtp\libzrtpcpp\ZIDRecord.h">
      <Filter>头文件</Filter>
    </ClInclude>
    <ClInclude Include="..\..\zrtp\libzrtpcpp\ZIDRecordDb.h">
      <Filter>头文件</Filter>
    </ClInclude>
    <ClInclude Include="..\..\zrtp\libzrtpcpp\ZIDRecordFile.h">
      <Filter>头文件</Filter>
    </ClInclude>
    <ClInclude Include="..\..\zrtp\libzrtpcpp\ZRtp.h">
      <Filter>头文件</Filter>
    </ClInclude>
    <ClInclude Include="..\..\zrtp\libzrtpcpp\zrtpB64Decode.h">
      <Filter>头文件</Filter>
    </ClInclude>
    <ClInclude Include="..\..\zrtp\libzrtpcpp\zrtpB64Encode.h">
      <Filter>头文件</Filter>
    </ClInclude>
    <ClInclude Include="..\..\zrtp\libzrtpcpp\zrtpCacheDbBackend.h">
      <Filter>头文件</Filter>
    </ClInclude>
    <ClInclude Include="..\..\zrtp\libzrtpcpp\ZrtpCallback.h">
      <Filter>头文件</Filter>
    </ClInclude>
    <ClInclude Include="..\..\zrtp\libzrtpcpp\ZrtpCallbackWrapper.h">
      <Filter>头文件</Filter>
    </ClInclude>
    <ClInclude Include="..\..\zrtp\libzrtpcpp\ZrtpCodes.h">
      <Filter>头文件</Filter>
    </ClInclude>
    <ClInclude Include="..\..\zrtp\libzrtpcpp\ZrtpConfigure.h">
      <Filter>头文件</Filter>
    </ClInclude>
    <ClInclude Include="..\..\zrtp\libzrtpcpp\ZrtpCrc32.h">
      <Filter>头文件</Filter>
    </ClInclude>
    <ClInclude Include="..\..\zrtp\libzrtpcpp\ZrtpCWrapper.h">
      <Filter>头文件</Filter>
    </ClInclude>
    <ClInclude Include="..\..\zrtp\libzrtpcpp\zrtpPacket.h">
      <Filter>头文件</Filter>
    </ClInclude>
    <ClInclude Include="..\..\zrtp\libzrtpcpp\ZrtpPacketBase.h">
      <Filter>头文件</Filter>
    </ClInclude>
    <ClInclude Include="..\..\zrtp\libzrtpcpp\ZrtpPacketClearAck.h">
      <Filter>头文件</Filter>
    </ClInclude>
    <ClInclude Include="..\..\zrtp\libzrtpcpp\ZrtpPacketCommit.h">
      <Filter>头文件</Filter>
    </ClInclude>
    <ClInclude Include="..\..\zrtp\libzrtpcpp\ZrtpPacketConf2Ack.h">
      <Filter>头文件</Filter>
    </ClInclude>
    <ClInclude Include="..\..\zrtp\libzrtpcpp\ZrtpPacketConfirm.h">
      <Filter>头文件</Filter>
    </ClInclude>
    <ClInclude Include="..\..\zrtp\libzrtpcpp\ZrtpPacketDHPart.h">
      <Filter>头文件</Filter>
    </ClInclude>
    <ClInclude Include="..\..\zrtp\libzrtpcpp\ZrtpPacketError.h">
      <Filter>头文件</Filter>
    </ClInclude>
    <ClInclude Include="..\..\zrtp\libzrtpcpp\ZrtpPacketErrorAck.h">
      <Filter>头文件</Filter>
    </ClInclude>
    <ClInclude Include="..\..\zrtp\libzrtpcpp\ZrtpPacketGoClear.h">
      <Filter>头文件</Filter>
    </ClInclude>
    <ClInclude Include="..\..\zrtp\libzrtpcpp\ZrtpPacketHello.h">
      <Filter>头文件</Filter>
    </ClInclude>
    <ClInclude Include="..\..\zrtp\libzrtpcpp\ZrtpPacketHelloAck.h">
      <Filter>头文件</Filter>
    </ClInclude>
    <ClInclude Include="..\..\zrtp\libzrtpcpp\ZrtpPacketPing.h">
      <Filter>头文件</Filter>
    </ClInclude>
    <ClInclude Include="..\..\zrtp\libzrtpcpp\ZrtpPacketPingAck.h">
      <Filter>头文件</Filter>
    </ClInclude>
    <ClInclude Include="..\..\zrtp\libzrtpcpp\ZrtpPacketRelayAck.h">
      <Filter>头文件</Filter>
    </ClInclude>
    <ClInclude Include="..\..\zrtp\libzrtpcpp\ZrtpPacketSASrelay.h">
      <Filter>头文件</Filter>
    </ClInclude>
    <ClInclude Include="..\..\zrtp\libzrtpcpp\ZrtpSdesStream.h">
      <Filter>头文件</Filter>
    </ClInclude>
    <ClInclude Include="..\..\zrtp\libzrtpcpp\ZrtpStateClass.h">
      <Filter>头文件</Filter>
    </ClInclude>
    <ClInclude Include="..\..\zrtp\libzrtpcpp\ZrtpStates.h">
      <Filter>头文件</Filter>
    </ClInclude>
    <ClInclude Include="..\..\zrtp\libzrtpcpp\ZrtpTextData.h">
      <Filter>头文件</Filter>
    </ClInclude>
    <ClInclude Include="..\..\zrtp\libzrtpcpp\ZrtpUserCallback.h">
      <Filter>头文件</Filter>
    </ClInclude>
    <ClInclude Include="..\..\cryptcommon\aes.h">
      <Filter>头文件</Filter>
    </ClInclude>
    <ClInclude Include="..\..\cryptcommon\aescpp.h">
      <Filter>头文件</Filter>
    </ClInclude>
    <ClInclude Include="..\..\cryptcommon\aesopt.h">
      <Filter>头文件</Filter>
    </ClInclude>
    <ClInclude Include="..\..\cryptcommon\aestab.h">
      <Filter>头文件</Filter>
    </ClInclude>
    <ClInclude Include="..\..\cryptcommon\brg_endian.h">
      <Filter>头文件</Filter>
    </ClInclude>
    <ClInclude Include="..\..\cryptcommon\brg_types.h">
      <Filter>头文件</Filter>
    </ClInclude>
    <ClInclude Include="..\..\cryptcommon\macSkein.h">
      <Filter>头文件</Filter>
    </ClInclude>
    <ClInclude Include="..\..\cryptcommon\skein.h">
      <Filter>头文件</Filter>
    </ClInclude>
    <ClInclude Include="..\..\cryptcommon\skein_iv.h">
      <Filter>头文件</Filter>
    </ClInclude>
    <ClInclude Include="..\..\cryptcommon\skein_port.h">
      <Filter>头文件</Filter>
    </ClInclude>
    <ClInclude Include="..\..\cryptcommon\skeinApi.h">
      <Filter>头文件</Filter>
    </ClInclude>
    <ClInclude Include="..\..\cryptcommon\twofish.h">
      <Filter>头文件</Filter>
    </ClInclude>
    <ClInclude Include="..\..\cryptcommon\ZrtpRandom.h">
      <Filter>头文件</Filter>
    </ClInclude>
  </ItemGroup>
  <ItemGroup>
    <ClCompile Include="stdafx.cpp">
      <Filter>源文件</Filter>
    </ClCompile>
    <ClCompile Include="ZRTPtest.cpp">
      <Filter>源文件</Filter>
    </ClCompile>
    <ClCompile Include="..\..\zrtp\Base32.cpp">
      <Filter>源文件</Filter>
    </ClCompile>
    <ClCompile Include="..\..\zrtp\ZIDCacheDb.cpp">
      <Filter>源文件</Filter>
    </ClCompile>
    <ClCompile Include="..\..\zrtp\ZIDCacheFile.cpp">
      <Filter>源文件</Filter>
    </ClCompile>
    <ClCompile Include="..\..\zrtp\ZIDRecordDb.cpp">
      <Filter>源文件</Filter>
    </ClCompile>
    <ClCompile Include="..\..\zrtp\ZIDRecordFile.cpp">
      <Filter>源文件</Filter>
    </ClCompile>
    <ClCompile Include="..\..\zrtp\ZRtp.cpp">
      <Filter>源文件</Filter>
    </ClCompile>
    <ClCompile Include="..\..\zrtp\zrtpB64Decode.c">
      <Filter>源文件</Filter>
    </ClCompile>
    <ClCompile Include="..\..\zrtp\zrtpB64Encode.c">
      <Filter>源文件</Filter>
    </ClCompile>
    <ClCompile Include="..\..\zrtp\zrtpCacheSqliteBackend.c">
      <Filter>源文件</Filter>
    </ClCompile>
    <ClCompile Include="..\..\zrtp\ZrtpCallbackWrapper.cpp">
      <Filter>源文件</Filter>
    </ClCompile>
    <ClCompile Include="..\..\zrtp\ZrtpConfigure.cpp">
      <Filter>源文件</Filter>
    </ClCompile>
    <ClCompile Include="..\..\zrtp\ZrtpCrc32.cpp">
      <Filter>源文件</Filter>
    </ClCompile>
    <ClCompile Include="..\..\zrtp\ZrtpCWrapper.cpp">
      <Filter>源文件</Filter>
    </ClCompile>
    <ClCompile Include="..\..\zrtp\ZrtpPacketClearAck.cpp">
      <Filter>源文件</Filter>
    </ClCompile>
    <ClCompile Include="..\..\zrtp\ZrtpPacketCommit.cpp">
      <Filter>源文件</Filter>
    </ClCompile>
    <ClCompile Include="..\..\zrtp\ZrtpPacketConf2Ack.cpp">
      <Filter>源文件</Filter>
    </ClCompile>
    <ClCompile Include="..\..\zrtp\ZrtpPacketConfirm.cpp">
      <Filter>源文件</Filter>
    </ClCompile>
    <ClCompile Include="..\..\zrtp\ZrtpPacketDHPart.cpp">
      <Filter>源文件</Filter>
    </ClCompile>
    <ClCompile Include="..\..\zrtp\ZrtpPacketError.cpp">
      <Filter>源文件</Filter>
    </ClCompile>
    <ClCompile Include="..\..\zrtp\ZrtpPacketErrorAck.cpp">
      <Filter>源文件</Filter>
    </ClCompile>
    <ClCompile Include="..\..\zrtp\ZrtpPacketGoClear.cpp">
      <Filter>源文件</Filter>
    </ClCompile>
    <ClCompile Include="..\..\zrtp\ZrtpPacketHello.cpp">
      <Filter>源文件</Filter>
    </ClCompile>
    <ClCompile Include="..\..\zrtp\ZrtpPacketHelloAck.cpp">
      <Filter>源文件</Filter>
    </ClCompile>
    <ClCompile Include="..\..\zrtp\ZrtpPacketPing.cpp">
      <Filter>源文件</Filter>
    </ClCompile>
    <ClCompile Include="..\..\zrtp\ZrtpPacketPingAck.cpp">
      <Filter>源文件</Filter>
    </ClCompile>
    <ClCompile Include="..\..\zrtp\ZrtpPacketRelayAck.cpp">
      <Filter>源文件</Filter>
    </ClCompile>
    <ClCompile Include="..\..\zrtp\ZrtpPacketSASrelay.cpp">
      <Filter>源文件</Filter>
    </ClCompile>
    <ClCompile Include="..\..\zrtp\ZrtpSdesStream.cpp">
      <Filter>源文件</Filter>
    </ClCompile>
    <ClCompile Include="..\..\zrtp\ZrtpStateClass.cpp">
      <Filter>源文件</Filter>
    </ClCompile>
    <ClCompile Include="..\..\zrtp\ZrtpTextData.cpp">
      <Filter>源文件</Filter>
    </ClCompile>
    <ClCompile Include="..\..\zrtp\crypto\aesCFB.cpp">
      <Filter>源文件</Filter>
    </ClCompile>
    <ClCompile Include="..\..\zrtp\crypto\hmac256.cpp">
      <Filter>源文件</Filter>
    </ClCompile>
    <ClCompile Include="..\..\zrtp\crypto\hmac384.cpp">
      <Filter>源文件</Filter>
    </ClCompile>
    <ClCompile Include="..\..\zrtp\crypto\sha2.c">
      <Filter>源文件</Filter>
    </ClCompile>
    <ClCompile Include="..\..\zrtp\crypto\sha256.cpp">
      <Filter>源文件</Filter>
    </ClCompile>
    <ClCompile Include="..\..\zrtp\crypto\sha384.cpp">
      <Filter>源文件</Filter>
    </ClCompile>
    <ClCompile Include="..\..\zrtp\crypto\twoCFB.cpp">
      <Filter>源文件</Filter>
    </ClCompile>
    <ClCompile Include="..\..\zrtp\crypto\zrtpDH.cpp">
      <Filter>源文件</Filter>
    </ClCompile>
    <ClCompile Include="..\..\zrtp\crypto\openssl\aesCFB.cpp">
      <Filter>源文件</Filter>
    </ClCompile>
    <ClCompile Include="..\..\zrtp\crypto\openssl\hmac256.cpp">
      <Filter>源文件</Filter>
    </ClCompile>
    <ClCompile Include="..\..\zrtp\crypto\openssl\hmac384.cpp">
      <Filter>源文件</Filter>
    </ClCompile>
    <ClCompile Include="..\..\zrtp\crypto\openssl\InitializeOpenSSL.cpp">
      <Filter>源文件</Filter>
    </ClCompile>
    <ClCompile Include="..\..\zrtp\crypto\openssl\sha256.cpp">
      <Filter>源文件</Filter>
    </ClCompile>
    <ClCompile Include="..\..\zrtp\crypto\openssl\sha384.cpp">
      <Filter>源文件</Filter>
    </ClCompile>
    <ClCompile Include="..\..\zrtp\crypto\openssl\zrtpDH.cpp">
      <Filter>源文件</Filter>
    </ClCompile>
    <ClCompile Include="..\..\zrtp\crypto\gcrypt\gcryptAesCFB.cpp">
      <Filter>源文件</Filter>
    </ClCompile>
    <ClCompile Include="..\..\zrtp\crypto\gcrypt\gcrypthmac256.cpp">
      <Filter>源文件</Filter>
    </ClCompile>
    <ClCompile Include="..\..\zrtp\crypto\gcrypt\gcrypthmac384.cpp">
      <Filter>源文件</Filter>
    </ClCompile>
    <ClCompile Include="..\..\zrtp\crypto\gcrypt\gcryptsha256.cpp">
      <Filter>源文件</Filter>
    </ClCompile>
    <ClCompile Include="..\..\zrtp\crypto\gcrypt\gcryptsha384.cpp">
      <Filter>源文件</Filter>
    </ClCompile>
    <ClCompile Include="..\..\zrtp\crypto\gcrypt\gcryptZrtpDH.cpp">
      <Filter>源文件</Filter>
    </ClCompile>
    <ClCompile Include="..\..\zrtp\crypto\gcrypt\InitializeGcrypt.cpp">
      <Filter>源文件</Filter>
    </ClCompile>
    <ClCompile Include="..\..\cryptcommon\aes_modes.c">
      <Filter>源文件</Filter>
    </ClCompile>
    <ClCompile Include="..\..\cryptcommon\aescrypt.c">
      <Filter>源文件</Filter>
    </ClCompile>
    <ClCompile Include="..\..\cryptcommon\aeskey.c">
      <Filter>源文件</Filter>
    </ClCompile>
    <ClCompile Include="..\..\cryptcommon\aestab.c">
      <Filter>源文件</Filter>
    </ClCompile>
    <ClCompile Include="..\..\cryptcommon\macSkein.cpp">
      <Filter>源文件</Filter>
    </ClCompile>
    <ClCompile Include="..\..\cryptcommon\skein.c">
      <Filter>源文件</Filter>
    </ClCompile>
    <ClCompile Include="..\..\cryptcommon\skein_block.c">
      <Filter>源文件</Filter>
    </ClCompile>
    <ClCompile Include="..\..\cryptcommon\skeinApi.c">
      <Filter>源文件</Filter>
    </ClCompile>
    <ClCompile Include="..\..\cryptcommon\twofish.c">
      <Filter>源文件</Filter>
    </ClCompile>
    <ClCompile Include="..\..\cryptcommon\twofish_cfb.c">
      <Filter>源文件</Filter>
    </ClCompile>
    <ClCompile Include="..\..\cryptcommon\ZrtpRandom.cpp">
      <Filter>源文件</Filter>
    </ClCompile>
  </ItemGroup>
</Project>